
Microsoft Visual Studio Solution File, Format Version 12.00
# Visual Studio Version 17
VisualStudioVersion = 17.7.34031.279
MinimumVisualStudioVersion = 10.0.40219.1
Project("{8BC9CEB8-8B4A-11D0-8D11-00A0C91BC942}") = "Cuda-course-tasks", "Cuda-course-tasks.vcxproj", "{D6A8F22A-5B90-41B3-8336-3E05536AF7A9}"
EndProject
Global
	GlobalSection(SolutionConfigurationPlatforms) = preSolution
		Debug|x64 = Debug|x64
		Release|x64 = Release|x64
	EndGlobalSection
	GlobalSection(ProjectConfigurationPlatforms) = postSolution
		{D6A8F22A-5B90-41B3-8336-3E05536AF7A9}.Debug|x64.ActiveCfg = Debug|x64
		{D6A8F22A-5B90-41B3-8336-3E05536AF7A9}.Debug|x64.Build.0 = Debug|x64
		{D6A8F22A-5B90-41B3-8336-3E05536AF7A9}.Release|x64.ActiveCfg = Release|x64
		{D6A8F22A-5B90-41B3-8336-3E05536AF7A9}.Release|x64.Build.0 = Release|x64
	EndGlobalSection
	GlobalSection(SolutionProperties) = preSolution
		HideSolutionNode = FALSE
	EndGlobalSection
	GlobalSection(ExtensibilityGlobals) = postSolution
		SolutionGuid = {091B5AC7-B5B8-4EC5-B56A-5185101A2390}
	EndGlobalSection
EndGlobal
